{
  "nodes": {
    "nixpkgs": {
      "locked": {
        "lastModified": 1786599213,
        "narHash": "sha256-yNJd40f11EzXBjSByCB7IPpeFFAdeoSKKM67dGkfFoU=",
        "owner": "NixOS",
        "repo": "nixpkgs",
        "rev": "0e251e24a4f24e036a084b6b4b2d2491af4167f4",
        "type": "github"
      },
      "original": {
        "owner": "NixOS",
        "ref": "nixos-unstable",
        "repo": "nixpkgs",
        "type": "github"
      }
    },
    "root": {
      "inputs": {
        "nixpkgs": "nixpkgs",
        "seams-core": "seams-core"
      }
    },
    "seams-core": {
      "flake": false,
      "locked": {
        "lastModified": 1788400538,
        "narHash": "sha256-BvQOet+dlXC8un8A5sPnAIP2wkUpZSFQ25U9d9/86P8=",
        "owner": "d-SEAMS",
        "repo": "seams-core",
        "rev": "d1983d537dacad4a776e6fcaead5fee752f3cc1d",
        "type": "github"
      },
      "original": {
        "owner": "d-SEAMS",
        "repo": "seams-core",
        "rev": "d1983d537dacad4a776e6fcaead5fee752f3cc1d",
        "type": "github"
      }
    }
  },
  "root": "root",
  "version": 7
}
